
Microsoft Visual Studio Solution File, Format Version 12.00
# Visual Studio Version 17
VisualStudioVersion = 17.11.35222.181
MinimumVisualStudioVersion = 10.0.40219.1
Project("{FAE04EC0-301F-11D3-BF4B-00C04F79EFBC}") = "Tic Tac Toe", "Tic Tac Toe\Tic Tac Toe.csproj", "{80DDED68-95A2-4C18-8689-550E6604F5D5}"
EndProject
Global
	GlobalSection(SolutionConfigurationPlatforms) = preSolution
		Debug|Any CPU = Debug|Any CPU
		Release|Any CPU = Release|Any CPU
	EndGlobalSection
	GlobalSection(ProjectConfigurationPlatforms) = postSolution
		{80DDED68-95A2-4C18-8689-550E6604F5D5}.Debug|Any CPU.ActiveCfg = Debug|Any CPU
		{80DDED68-95A2-4C18-8689-550E6604F5D5}.Debug|Any CPU.Build.0 = Debug|Any CPU
		{80DDED68-95A2-4C18-8689-550E6604F5D5}.Release|Any CPU.ActiveCfg = Release|Any CPU
		{80DDED68-95A2-4C18-8689-550E6604F5D5}.Release|Any CPU.Build.0 = Release|Any CPU
	EndGlobalSection
	GlobalSection(SolutionProperties) = preSolution
		HideSolutionNode = FALSE
	EndGlobalSection
	GlobalSection(ExtensibilityGlobals) = postSolution
		SolutionGuid = {140E884E-96D9-48D7-AD79-0E92C9D872EE}
	EndGlobalSection
EndGlobal
